
Microsoft Visual Studio Solution File, Format Version 12.00
# Visual Studio Version 17
VisualStudioVersion = 17.10.35004.147
MinimumVisualStudioVersion = 10.0.40219.1
Project("{8BC9CEB8-8B4A-11D0-8D11-00A0C91BC942}") = "bai 22laikep", "bai 22laikep\bai 22laikep.vcxproj", "{41F5C14F-73AB-41C2-81D8-210CC0CB47EB}"
EndProject
Global
	GlobalSection(SolutionConfigurationPlatforms) = preSolution
		Debug|x64 = Debug|x64
		Debug|x86 = Debug|x86
		Release|x64 = Release|x64
		Release|x86 = Release|x86
	EndGlobalSection
	GlobalSection(ProjectConfigurationPlatforms) = postSolution
		{41F5C14F-73AB-41C2-81D8-210CC0CB47EB}.Debug|x64.ActiveCfg = Debug|x64
		{41F5C14F-73AB-41C2-81D8-210CC0CB47EB}.Debug|x64.Build.0 = Debug|x64
		{41F5C14F-73AB-41C2-81D8-210CC0CB47EB}.Debug|x86.ActiveCfg = Debug|Win32
		{41F5C14F-73AB-41C2-81D8-210CC0CB47EB}.Debug|x86.Build.0 = Debug|Win32
		{41F5C14F-73AB-41C2-81D8-210CC0CB47EB}.Release|x64.ActiveCfg = Release|x64
		{41F5C14F-73AB-41C2-81D8-210CC0CB47EB}.Release|x64.Build.0 = Release|x64
		{41F5C14F-73AB-41C2-81D8-210CC0CB47EB}.Release|x86.ActiveCfg = Release|Win32
		{41F5C14F-73AB-41C2-81D8-210CC0CB47EB}.Release|x86.Build.0 = Release|Win32
	EndGlobalSection
	GlobalSection(SolutionProperties) = preSolution
		HideSolutionNode = FALSE
	EndGlobalSection
	GlobalSection(ExtensibilityGlobals) = postSolution
		SolutionGuid = {5C945F3C-024D-437C-BE9D-D955CA7BDEDB}
	EndGlobalSection
EndGlobal
